
Microsoft Visual Studio Solution File, Format Version 12.00
# Visual Studio 15
VisualStudioVersion = 15.0.26228.16
MinimumVisualStudioVersion = 10.0.40219.1
Project("{FAE04EC0-301F-11D3-BF4B-00C04F79EFBC}") = "WebJob1", "WebJob1\WebJob1.csproj", "{F032945C-FC2D-4AF6-A1EC-32CCF7323091}"
EndProject
Global
	GlobalSection(SolutionConfigurationPlatforms) = preSolution
		Debug|Any CPU = Debug|Any CPU
		Release|Any CPU = Release|Any CPU
	EndGlobalSection
	GlobalSection(ProjectConfigurationPlatforms) = postSolution
		{F032945C-FC2D-4AF6-A1EC-32CCF7323091}.Debug|Any CPU.ActiveCfg = Debug|Any CPU
		{F032945C-FC2D-4AF6-A1EC-32CCF7323091}.Debug|Any CPU.Build.0 = Debug|Any CPU
		{F032945C-FC2D-4AF6-A1EC-32CCF7323091}.Release|Any CPU.ActiveCfg = Release|Any CPU
		{F032945C-FC2D-4AF6-A1EC-32CCF7323091}.Release|Any CPU.Build.0 = Release|Any CPU
	EndGlobalSection
	GlobalSection(SolutionProperties) = preSolution
		HideSolutionNode = FALSE
	EndGlobalSection
EndGlobal
